# This file is automatically @generated by Cargo.
# It is not intended for manual editing.
version = 4

[[package]]
name = "crossbeam-queue"
version = "0.3.13"
source = "registry+https://github.com/rust-lang/crates.io-index"
checksum = "803d13fb3b09d88be9f4dbc29062c66b19bf7170867ceb746d2a8689bf6c7a26"
dependencies = [
 "crossbeam-utils",
]

[[package]]
name = "crossbeam-utils"
version = "0.8.22"
source = "registry+https://github.com/rust-lang/crates.io-index"
checksum = "61803da095bee82a81bb1a452ecc25d3b2f1416d1897eb86430c6159ef717c17"

[[package]]
name = "ctor"
version = "0.2.9"
source = "registry+https://github.com/rust-lang/crates.io-index"
checksum = "32a2785755761f3ddc1492979ce1e48d2c00d09311c39e4466429188f3dd6501"
dependencies = [
 "quote",
 "syn",
]

[[package]]
name = "itoa"
version = "1.0.18"
source = "registry+https://github.com/rust-lang/crates.io-index"
checksum = "8f42a60cbdf9a97f5d2305f08a87dc4e09308d1276d28c869c684d7777685682"

[[package]]
name = "log"
version = "0.4.32"
source = "registry+https://github.com/rust-lang/crates.io-index"
checksum = "953f07c43838f8e6f9758cab68bf5bed85465e7587ebe0b823f1bcd81978ad3a"

[[package]]
name = "nuzo_bytecode"
version = "0.5.0"
dependencies = [
 "nuzo_core",
 "nuzo_opcode",
 "nuzo_proc",
 "nuzo_proc_core",
 "nuzo_values",
 "proc-macro2",
 "serde",
 "syn",
]

[[package]]
name = "nuzo_class"
version = "0.5.0"
dependencies = [
 "nuzo_class_macros",
 "nuzo_proc",
 "nuzo_proc_core",
]

[[package]]
name = "nuzo_class_macros"
version = "0.5.0"
dependencies = [
 "proc-macro2",
 "quote",
 "syn",
]

[[package]]
name = "nuzo_codegen"
version = "0.5.0"
dependencies = [
 "nuzo_proc_core",
 "proc-macro2",
 "quote",
 "syn",
]

[[package]]
name = "nuzo_compiler"
version = "0.5.0"
dependencies = [
 "nuzo_bytecode",
 "nuzo_class",
 "nuzo_config",
 "nuzo_core",
 "nuzo_frontend",
 "nuzo_helpers",
 "nuzo_ir",
 "nuzo_proc",
 "nuzo_proc_core",
 "nuzo_signal",
 "nuzo_values",
]

[[package]]
name = "nuzo_config"
version = "0.5.0"
dependencies = [
 "nuzo_proc",
 "nuzo_proc_core",
]

[[package]]
name = "nuzo_core"
version = "0.5.0"
dependencies = [
 "nuzo_proc",
 "nuzo_proc_core",
 "serde",
 "xxhash-rust",
]

[[package]]
name = "nuzo_error"
version = "0.5.0"
dependencies = [
 "crossbeam-queue",
 "log",
 "nuzo_bytecode",
 "nuzo_core",
 "nuzo_proc",
 "nuzo_proc_core",
 "nuzo_signal",
 "nuzo_values",
 "serde",
 "serde_json",
]

[[package]]
name = "nuzo_explore"
version = "0.1.0"
dependencies = [
 "nuzo_compiler",
 "nuzo_ir",
 "nuzo_values",
 "nuzo_vm",
]

[[package]]
name = "nuzo_frontend"
version = "0.5.0"
dependencies = [
 "nuzo_core",
 "nuzo_proc",
 "nuzo_proc_core",
 "nuzo_values",
]

[[package]]
name = "nuzo_helpers"
version = "0.5.0"
dependencies = [
 "log",
 "nuzo_codegen",
 "nuzo_core",
 "nuzo_proc",
 "nuzo_proc_core",
 "nuzo_signal",
 "nuzo_values",
 "once_cell",
]

[[package]]
name = "nuzo_ir"
version = "0.5.0"
dependencies = [
 "nuzo_core",
 "nuzo_frontend",
 "nuzo_proc",
 "nuzo_proc_core",
]

[[package]]
name = "nuzo_opcode"
version = "0.5.0"
dependencies = [
 "nuzo_proc",
 "nuzo_proc_core",
 "serde",
]

[[package]]
name = "nuzo_proc"
version = "0.5.0"
dependencies = [
 "nuzo_codegen",
 "nuzo_proc_core",
 "proc-macro2",
 "quote",
 "syn",
]

[[package]]
name = "nuzo_proc_core"
version = "0.5.0"
dependencies = [
 "ctor",
 "proc-macro2",
 "quote",
 "syn",
]

[[package]]
name = "nuzo_signal"
version = "0.5.0"
dependencies = [
 "nuzo_core",
 "nuzo_proc",
 "nuzo_proc_core",
 "once_cell",
]

[[package]]
name = "nuzo_values"
version = "0.5.0"
dependencies = [
 "nuzo_core",
 "nuzo_proc",
 "nuzo_proc_core",
 "serde",
]

[[package]]
name = "nuzo_vm"
version = "0.5.0"
dependencies = [
 "nuzo_bytecode",
 "nuzo_config",
 "nuzo_core",
 "nuzo_error",
 "nuzo_helpers",
 "nuzo_proc",
 "nuzo_proc_core",
 "nuzo_signal",
 "nuzo_values",
]

[[package]]
name = "once_cell"
version = "1.21.4"
source = "registry+https://github.com/rust-lang/crates.io-index"
checksum = "9f7c3e4beb33f85d45ae3e3a1792185706c8e16d043238c593331cc7cd313b50"

[[package]]
name = "proc-macro2"
version = "1.0.106"
source = "registry+https://github.com/rust-lang/crates.io-index"
checksum = "8fd00f0bb2e90d81d1044c2b32617f68fcb9fa3bb7640c23e9c748e53fb30934"
dependencies = [
 "unicode-ident",
]

[[package]]
name = "quote"
version = "1.0.45"
source = "registry+https://github.com/rust-lang/crates.io-index"
checksum = "41f2619966050689382d2b44f664f4bc593e129785a36d6ee376ddf37259b924"
dependencies = [
 "proc-macro2",
]

[[package]]
name = "ryu"
version = "1.0.23"
source = "registry+https://github.com/rust-lang/crates.io-index"
checksum = "9774ba4a74de5f7b1c1451ed6cd5285a32eddb5cccb8cc655a4e50009e06477f"

[[package]]
name = "serde"
version = "1.0.197"
source = "registry+https://github.com/rust-lang/crates.io-index"
checksum = "3fb1c873e1b9b056a4dc4c0c198b24c3ffa059243875552b2bd0933b1aee4ce2"
dependencies = [
 "serde_derive",
]

[[package]]
name = "serde_derive"
version = "1.0.197"
source = "registry+https://github.com/rust-lang/crates.io-index"
checksum = "7eb0b34b42edc17f6b7cac84a52a1c5f0e1bb2227e997ca9011ea3dd34e8610b"
dependencies = [
 "proc-macro2",
 "quote",
 "syn",
]

[[package]]
name = "serde_json"
version = "1.0.115"
source = "registry+https://github.com/rust-lang/crates.io-index"
checksum = "12dc5c46daa8e9fdf4f5e71b6cf9a53f2487da0e86e55808e2d35539666497dd"
dependencies = [
 "itoa",
 "ryu",
 "serde",
]

[[package]]
name = "syn"
version = "2.0.118"
source = "registry+https://github.com/rust-lang/crates.io-index"
checksum = "1b9ae57f904213ebb649ce6895b8a66c66f0203b9319718f69a5612a065b1422"
dependencies = [
 "proc-macro2",
 "quote",
 "unicode-ident",
]

[[package]]
name = "unicode-ident"
version = "1.0.24"
source = "registry+https://github.com/rust-lang/crates.io-index"
checksum = "e6e4313cd5fcd3dad5cafa179702e2b244f760991f45397d14d4ebf38247da75"

[[package]]
name = "xxhash-rust"
version = "0.8.15"
source = "registry+https://github.com/rust-lang/crates.io-index"
checksum = "fdd20c5420375476fbd4394763288da7eb0cc0b8c11deed431a91562af7335d3"
